<Solution>
  <Configurations>
    <Platform Name="ARM64" />
    <Platform Name="x64" />
    <Platform Name="x86" />
  </Configurations>
  <Project Path="PlayGuide/PlayGuide.vcxproj" Id="493b1d6d-294e-4fb8-a65f-84f55a38dfa4">
    <Deploy />
  </Project>
  <Project Path="PlayGuideService/PlayGuideService.vcxproj" Id="a602b243-8b30-4de7-bbf9-afb117bba19b">
    <Platform Solution="*|ARM64" Project="x64" />
  </Project>
</Solution>
